
Microsoft Visual Studio Solution File, Format Version 12.00
# Visual Studio Version 17
VisualStudioVersion = 17.7.34018.315
MinimumVisualStudioVersion = 10.0.40219.1
Project("{FAE04EC0-301F-11D3-BF4B-00C04F79EFBC}") = "Konyvtar", "Konyvtar\Konyvtar.csproj", "{152BD565-CCD7-4150-98D9-62B65CB8DFA5}"
EndProject
Global
	GlobalSection(SolutionConfigurationPlatforms) = preSolution
		Debug|Any CPU = Debug|Any CPU
		Release|Any CPU = Release|Any CPU
	EndGlobalSection
	GlobalSection(ProjectConfigurationPlatforms) = postSolution
		{152BD565-CCD7-4150-98D9-62B65CB8DFA5}.Debug|Any CPU.ActiveCfg = Debug|Any CPU
		{152BD565-CCD7-4150-98D9-62B65CB8DFA5}.Debug|Any CPU.Build.0 = Debug|Any CPU
		{152BD565-CCD7-4150-98D9-62B65CB8DFA5}.Release|Any CPU.ActiveCfg = Release|Any CPU
		{152BD565-CCD7-4150-98D9-62B65CB8DFA5}.Release|Any CPU.Build.0 = Release|Any CPU
	EndGlobalSection
	GlobalSection(SolutionProperties) = preSolution
		HideSolutionNode = FALSE
	EndGlobalSection
	GlobalSection(ExtensibilityGlobals) = postSolution
		SolutionGuid = {9384EFB7-2E24-4D5C-AAE2-AB7D232A5CF1}
	EndGlobalSection
EndGlobal
